PODS:
  - Actito/ActitoKit (5.0.0-canary.1):
    - Actito/ActitoUtilitiesKit
  - Actito/ActitoNotificationServiceExtensionKit (5.0.0-canary.1)
  - Actito/ActitoUtilitiesKit (5.0.0-canary.1)
  - Capacitor (7.1.0):
    - CapacitorCordova
  - CapacitorActito (5.0.0-canary.1):
    - Actito/ActitoKit (= 5.0.0-canary.1)
    - Actito/ActitoUtilitiesKit (= 5.0.0-canary.1)
    - Capacitor
  - CapacitorApp (7.0.0):
    - Capacitor
  - CapacitorCordova (7.1.0)
  - CapacitorHaptics (7.0.0):
    - Capacitor
  - CapacitorKeyboard (7.0.0):
    - Capacitor
  - CapacitorStatusBar (7.0.0):
    - Capacitor

DEPENDENCIES:
  - Actito/ActitoNotificationServiceExtensionKit (= 5.0.0-canary.1)
  - "Capacitor (from `../../node_modules/@capacitor/ios`)"
  - CapacitorActito (from `../../../capacitor-actito`)
  - "CapacitorApp (from `../../node_modules/@capacitor/app`)"
  - "CapacitorCordova (from `../../node_modules/@capacitor/ios`)"
  - "CapacitorHaptics (from `../../node_modules/@capacitor/haptics`)"
  - "CapacitorKeyboard (from `../../node_modules/@capacitor/keyboard`)"
  - "CapacitorStatusBar (from `../../node_modules/@capacitor/status-bar`)"

SPEC REPOS:
  "git@github.com:actito/actito-cocoapods-specs.git":
    - Actito

EXTERNAL SOURCES:
  Capacitor:
    :path: "../../node_modules/@capacitor/ios"
  CapacitorActito:
    :path: "../../../capacitor-actito"
  CapacitorApp:
    :path: "../../node_modules/@capacitor/app"
  CapacitorCordova:
    :path: "../../node_modules/@capacitor/ios"
  CapacitorHaptics:
    :path: "../../node_modules/@capacitor/haptics"
  CapacitorKeyboard:
    :path: "../../node_modules/@capacitor/keyboard"
  CapacitorStatusBar:
    :path: "../../node_modules/@capacitor/status-bar"

SPEC CHECKSUMS:
  Actito: 93c5844668acb24df54e83131ca364abbe52d375
  Capacitor: bceb785fb78f5e81e4a9e37843bc1c24bd9c7194
  CapacitorActito: ed5f0fe6add95ee1f50990f3b194174cc71a1349
  CapacitorApp: 9cb31064a6c6bb2b1438583733a7bf45557fc1da
  CapacitorCordova: 866217f32c1d25b326c568a10ea3ed0c36b13e29
  CapacitorHaptics: 7be406a91e4eb87287f321c6c68e1709d6837b3a
  CapacitorKeyboard: 4db71e694e7afb5d7c0be09b05495c19f7d6c914
  CapacitorStatusBar: a8c4c83ed2e973bdafb979e80e4b00d027832cb7

PODFILE CHECKSUM: 9e869c488b2fb4686f72b6342e0b84be090670c7

COCOAPODS: 1.16.2
