PODS:
  - Actito/ActitoKit (5.2.0):
    - Actito/ActitoUtilitiesKit
  - Actito/ActitoNotificationServiceExtensionKit (5.2.0)
  - Actito/ActitoPushKit (5.2.0):
    - Actito/ActitoUtilitiesKit
  - Actito/ActitoPushUIKit (5.2.0):
    - Actito/ActitoUtilitiesKit
  - Actito/ActitoUserInboxKit (5.2.0):
    - Actito/ActitoUtilitiesKit
  - Actito/ActitoUtilitiesKit (5.2.0)
  - Capacitor (6.2.1):
    - CapacitorCordova
  - CapacitorActito (5.1.0):
    - Actito/ActitoKit (= 5.2.0)
    - Actito/ActitoUtilitiesKit (= 5.2.0)
    - Capacitor
  - CapacitorActitoPush (5.1.0):
    - Actito/ActitoKit (= 5.2.0)
    - Actito/ActitoPushKit (= 5.2.0)
    - Actito/ActitoUtilitiesKit (= 5.2.0)
    - Capacitor
  - CapacitorActitoPushUi (5.1.0):
    - Actito/ActitoKit (= 5.2.0)
    - Actito/ActitoPushUIKit (= 5.2.0)
    - Actito/ActitoUtilitiesKit (= 5.2.0)
    - Capacitor
  - CapacitorActitoUserInbox (5.1.0):
    - Actito/ActitoKit (= 5.2.0)
    - Actito/ActitoUserInboxKit (= 5.2.0)
    - Capacitor
  - CapacitorApp (6.0.3):
    - Capacitor
  - CapacitorBrowser (6.0.6):
    - Capacitor
  - CapacitorCordova (6.2.1)
  - CapacitorHaptics (6.0.3):
    - Capacitor
  - CapacitorKeyboard (6.0.4):
    - Capacitor
  - CapacitorStatusBar (6.0.3):
    - Capacitor

DEPENDENCIES:
  - Actito/ActitoNotificationServiceExtensionKit (= 5.2.0)
  - "Capacitor (from `../../node_modules/@capacitor/ios`)"
  - CapacitorActito (from `../../../capacitor-actito`)
  - CapacitorActitoPush (from `../../../capacitor-actito-push`)
  - CapacitorActitoPushUi (from `../../../capacitor-actito-push-ui`)
  - CapacitorActitoUserInbox (from `../../../capacitor-actito-user-inbox`)
  - "CapacitorApp (from `../../node_modules/@capacitor/app`)"
  - "CapacitorBrowser (from `../../node_modules/@capacitor/browser`)"
  - "CapacitorCordova (from `../../node_modules/@capacitor/ios`)"
  - "CapacitorHaptics (from `../../node_modules/@capacitor/haptics`)"
  - "CapacitorKeyboard (from `../../node_modules/@capacitor/keyboard`)"
  - "CapacitorStatusBar (from `../../node_modules/@capacitor/status-bar`)"

SPEC REPOS:
  trunk:
    - Actito

EXTERNAL SOURCES:
  Capacitor:
    :path: "../../node_modules/@capacitor/ios"
  CapacitorActito:
    :path: "../../../capacitor-actito"
  CapacitorActitoPush:
    :path: "../../../capacitor-actito-push"
  CapacitorActitoPushUi:
    :path: "../../../capacitor-actito-push-ui"
  CapacitorActitoUserInbox:
    :path: "../../../capacitor-actito-user-inbox"
  CapacitorApp:
    :path: "../../node_modules/@capacitor/app"
  CapacitorBrowser:
    :path: "../../node_modules/@capacitor/browser"
  CapacitorCordova:
    :path: "../../node_modules/@capacitor/ios"
  CapacitorHaptics:
    :path: "../../node_modules/@capacitor/haptics"
  CapacitorKeyboard:
    :path: "../../node_modules/@capacitor/keyboard"
  CapacitorStatusBar:
    :path: "../../node_modules/@capacitor/status-bar"

SPEC CHECKSUMS:
  Actito: ba4508d113c6c472473c97d6f386407433787005
  Capacitor: c95400d761e376be9da6be5a05f226c0e865cebf
  CapacitorActito: 2d11f3f2783bfd1d91bf3f858bb8854251256001
  CapacitorActitoPush: 54684f4dbd9bfdd24c21fec3b4a428aabc6d3756
  CapacitorActitoPushUi: 277e2985726eb52d5c35f0301034822392035d23
  CapacitorActitoUserInbox: e5b862c4918ff4708ac1bda661d7e1e3a4f45536
  CapacitorApp: a19ccb4f5f32d2534be5c6f524d5a9b614a1e8a7
  CapacitorBrowser: 825163a1d6adce944ac7b9e3cab101146b5a9df8
  CapacitorCordova: 8d93e14982f440181be7304aa9559ca631d77fff
  CapacitorHaptics: 40f83026feeee9cfe36e89e9c98a3baaaf20c450
  CapacitorKeyboard: e8cd50fd5cbdd023a5947a5c0f5cca6e5aa5a253
  CapacitorStatusBar: 149cde8f1328ec3aa6cbdd872a55137ae3f98b16

PODFILE CHECKSUM: 6b21ee3d91b7d165bd7d3fb148c2044c391e5b99

COCOAPODS: 1.16.2
