# THIS IS AN AUTOGENERATED FILE. DO NOT EDIT THIS FILE DIRECTLY.
# yarn lockfile v1


"@capacitor/android@^3.0.0":
  version "3.9.0"
  resolved "https://registry.yarnpkg.com/@capacitor/android/-/android-3.9.0.tgz#73032c49e0d6cdb4bdd1c01565e28f3913f25fee"
  integrity sha512-YTPyrh1NozEuYXWGtfqN27TLXUrLbZX9fggyd4JQ1yMaUZTmLPm5dCuznONhQ49aPkJnUJB02JfpHy/qGwa2Lw==

"@capacitor/core@^3.0.0":
  version "3.9.0"
  resolved "https://registry.yarnpkg.com/@capacitor/core/-/core-3.9.0.tgz#ab5eccbeb02e140382e983b794ead296f1db7e6d"
  integrity sha512-j1lL0+/7stY8YhIq1Lm6xixvUqIn89vtyH5ZpJNNmcZ0kwz6K9eLkcG6fvq1UWMDgSVZg9JrRGSFhb4LLoYOsw==
  dependencies:
    tslib "^2.1.0"

"@capacitor/docgen@^0.3.1":
  version "0.3.1"
  resolved "https://registry.yarnpkg.com/@capacitor/docgen/-/docgen-0.3.1.tgz#9319f013a6ba1f8f2e65e9d672cabefddb2992a5"
  integrity sha512-WBdAUquQC4hiZOVk1YbY5Rs3vlDrNdCGt3KGnMa2dc2UBa91Q7PQ/jLW/oZyfVIfiXWu7t1KUhhM3MyiZepUrQ==
  dependencies:
    colorette "^2.0.20"
    github-slugger "^1.5.0"
    minimist "^1.2.8"
    typescript "~4.2.4"

"@capacitor/ios@^3.0.0":
  version "3.9.0"
  resolved "https://registry.yarnpkg.com/@capacitor/ios/-/ios-3.9.0.tgz#5e31b88701fe355cacf0c9790b319731d8b85b04"
  integrity sha512-GezPCJIujRHnF4wbrKJx6Q/mgFz0f9rmh/steTTXQZI+nEl6mHk6NWh8235p7YbhonYi5WD0rFNirrjGg1EaGw==

"@isaacs/balanced-match@^4.0.1":
  version "4.0.1"
  resolved "https://registry.yarnpkg.com/@isaacs/balanced-match/-/balanced-match-4.0.1.tgz#3081dadbc3460661b751e7591d7faea5df39dd29"
  integrity sha512-yzMTt9lEb8Gv7zRioUilSglI0c0smZ9k5D65677DLWLtWJaXIS3CqcGyUFByYKlnUj6TkjLVs54fBl6+TiGQDQ==

"@isaacs/brace-expansion@^5.0.0":
  version "5.0.0"
  resolved "https://registry.yarnpkg.com/@isaacs/brace-expansion/-/brace-expansion-5.0.0.tgz#4b3dabab7d8e75a429414a96bd67bf4c1d13e0f3"
  integrity sha512-ZT55BDLV0yv0RBm2czMiZ+SqCGO7AvmOM3G/w2xhVPH+te0aKgFjmBvGlL1dH+ql2tgGO3MVrbb3jCKyvpgnxA==
  dependencies:
    "@isaacs/balanced-match" "^4.0.1"

colorette@^2.0.20:
  version "2.0.20"
  resolved "https://registry.yarnpkg.com/colorette/-/colorette-2.0.20.tgz#9eb793e6833067f7235902fcd3b09917a000a95a"
  integrity sha512-IfEDxwoWIjkeXL1eXcDiow4UbKjhLdq6/EuSVR9GMN7KVH3r9gQ83e73hsz1Nd1T3ijd5xv1wcWRYO+D6kCI2w==

fsevents@~2.3.2:
  version "2.3.3"
  resolved "https://registry.yarnpkg.com/fsevents/-/fsevents-2.3.3.tgz#cac6407785d03675a2a5e1a5305c697b347d90d6"
  integrity sha512-5xoDfX+fL7faATnagmWPpbFtwh/R77WmMMqqHGS65C3vvB0YHrgF+B1YmZ3441tMj5n63k0212XNoJwzlhffQw==

github-slugger@^1.5.0:
  version "1.5.0"
  resolved "https://registry.yarnpkg.com/github-slugger/-/github-slugger-1.5.0.tgz#17891bbc73232051474d68bd867a34625c955f7d"
  integrity sha512-wIh+gKBI9Nshz2o46B0B3f5k/W+WI9ZAv6y5Dn5WJ5SK1t0TnDimB4WE5rmTD05ZAIn8HALCZVmCsvj0w0v0lw==

glob@^13.0.0:
  version "13.0.0"
  resolved "https://registry.yarnpkg.com/glob/-/glob-13.0.0.tgz#9d9233a4a274fc28ef7adce5508b7ef6237a1be3"
  integrity sha512-tvZgpqk6fz4BaNZ66ZsRaZnbHvP/jG3uKJvAZOwEVUL4RTA5nJeeLYfyN9/VA8NX/V3IBG+hkeuGpKjvELkVhA==
  dependencies:
    minimatch "^10.1.1"
    minipass "^7.1.2"
    path-scurry "^2.0.0"

lru-cache@^11.0.0:
  version "11.2.4"
  resolved "https://registry.yarnpkg.com/lru-cache/-/lru-cache-11.2.4.tgz#ecb523ebb0e6f4d837c807ad1abaea8e0619770d"
  integrity sha512-B5Y16Jr9LB9dHVkh6ZevG+vAbOsNOYCX+sXvFWFu7B3Iz5mijW3zdbMyhsh8ANd2mSWBYdJgnqi+mL7/LrOPYg==

minimatch@^10.1.1:
  version "10.1.1"
  resolved "https://registry.yarnpkg.com/minimatch/-/minimatch-10.1.1.tgz#e6e61b9b0c1dcab116b5a7d1458e8b6ae9e73a55"
  integrity sha512-enIvLvRAFZYXJzkCYG5RKmPfrFArdLv+R+lbQ53BmIMLIry74bjKzX6iHAm8WYamJkhSSEabrWN5D97XnKObjQ==
  dependencies:
    "@isaacs/brace-expansion" "^5.0.0"

minimist@^1.2.8:
  version "1.2.8"
  resolved "https://registry.yarnpkg.com/minimist/-/minimist-1.2.8.tgz#c1a464e7693302e082a075cee0c057741ac4772c"
  integrity sha512-2yyAR8qBkN3YuheJanUpWC5U3bb5osDywNB8RzDVlDwDHbocAJveqqj1u8+SVD7jkWT4yvsHCpWqqWqAxb0zCA==

minipass@^7.1.2:
  version "7.1.2"
  resolved "https://registry.yarnpkg.com/minipass/-/minipass-7.1.2.tgz#93a9626ce5e5e66bd4db86849e7515e92340a707"
  integrity sha512-qOOzS1cBTWYF4BH8fVePDBOO9iptMnGUEZwNc/cMWnTV2nVLZ7VoNWEPHkYczZA0pdoA7dl6e7FL659nX9S2aw==

package-json-from-dist@^1.0.1:
  version "1.0.1"
  resolved "https://registry.yarnpkg.com/package-json-from-dist/-/package-json-from-dist-1.0.1.tgz#4f1471a010827a86f94cfd9b0727e36d267de505"
  integrity sha512-UEZIS3/by4OC8vL3P2dTXRETpebLI2NiI5vIrjaD/5UtrkFX/tNbwjTSRAGC/+7CAo2pIcBaRgWmcBBHcsaCIw==

path-scurry@^2.0.0:
  version "2.0.1"
  resolved "https://registry.yarnpkg.com/path-scurry/-/path-scurry-2.0.1.tgz#4b6572376cfd8b811fca9cd1f5c24b3cbac0fe10"
  integrity sha512-oWyT4gICAu+kaA7QWk/jvCHWarMKNs6pXOGWKDTr7cw4IGcUbW+PeTfbaQiLGheFRpjo6O9J0PmyMfQPjH71oA==
  dependencies:
    lru-cache "^11.0.0"
    minipass "^7.1.2"

rimraf@^6.1.2:
  version "6.1.2"
  resolved "https://registry.yarnpkg.com/rimraf/-/rimraf-6.1.2.tgz#9a0f3cea2ab853e81291127422116ecf2a86ae89"
  integrity sha512-cFCkPslJv7BAXJsYlK1dZsbP8/ZNLkCAQ0bi1hf5EKX2QHegmDFEFA6QhuYJlk7UDdc+02JjO80YSOrWPpw06g==
  dependencies:
    glob "^13.0.0"
    package-json-from-dist "^1.0.1"

rollup@^2.79.2:
  version "2.79.2"
  resolved "https://registry.yarnpkg.com/rollup/-/rollup-2.79.2.tgz#f150e4a5db4b121a21a747d762f701e5e9f49090"
  integrity sha512-fS6iqSPZDs3dr/y7Od6y5nha8dW1YnbgtsyotCVvoFGKbERG++CVRFv1meyGDE1SNItQA8BrnCw7ScdAhRJ3XQ==
  optionalDependencies:
    fsevents "~2.3.2"

tslib@^2.1.0:
  version "2.8.1"
  resolved "https://registry.yarnpkg.com/tslib/-/tslib-2.8.1.tgz#612efe4ed235d567e8aba5f2a5fab70280ade83f"
  integrity sha512-oJFu94HQb+KVduSUQL7wnpmqnfmLsOA/nAh6b6EH0wCEoK0/mPeXU6c3wKDV83MkOuHPRHtSXKKU99IBazS/2w==

typescript@^5.9.3:
  version "5.9.3"
  resolved "https://registry.yarnpkg.com/typescript/-/typescript-5.9.3.tgz#5b4f59e15310ab17a216f5d6cf53ee476ede670f"
  integrity sha512-jl1vZzPDinLr9eUt3J/t7V6FgNEw9QjvBPdysz9KfQDD41fQrC2Y4vKQdiaUpFT4bXlb1RHhLpp8wtm6M5TgSw==

typescript@~4.2.4:
  version "4.2.4"
  resolved "https://registry.yarnpkg.com/typescript/-/typescript-4.2.4.tgz#8610b59747de028fda898a8aef0e103f156d0961"
  integrity sha512-V+evlYHZnQkaz8TRBuxTA92yZBPotr5H+WhQ7bD3hZUndx5tGOa1fuCgeSjxAzM1RiN5IzvadIXTVefuuwZCRg==
